
Microsoft Visual Studio Solution File, Format Version 12.00
# Visual Studio 15
VisualStudioVersion = 15.0.27130.2010
MinimumVisualStudioVersion = 10.0.40219.1
Project("{FAE04EC0-301F-11D3-BF4B-00C04F79EFBC}") = "PROG2070Assignment2", "PROG2070Assignment2\PROG2070Assignment2.csproj", "{65D31ABA-AB8E-4909-8C1C-65DDCDB60B64}"
EndProject
Project("{FAE04EC0-301F-11D3-BF4B-00C04F79EFBC}") = "PROG2070Assignment2.Tests", "PROG2070Assignment2.Tests\PROG2070Assignment2.Tests.csproj", "{2A39FE6D-AAA2-49E2-A18A-13970482D72B}"
EndProject
Global
	GlobalSection(SolutionConfigurationPlatforms) = preSolution
		Debug|Any CPU = Debug|Any CPU
		Release|Any CPU = Release|Any CPU
	EndGlobalSection
	GlobalSection(ProjectConfigurationPlatforms) = postSolution
		{65D31ABA-AB8E-4909-8C1C-65DDCDB60B64}.Debug|Any CPU.ActiveCfg = Debug|Any CPU
		{65D31ABA-AB8E-4909-8C1C-65DDCDB60B64}.Debug|Any CPU.Build.0 = Debug|Any CPU
		{65D31ABA-AB8E-4909-8C1C-65DDCDB60B64}.Release|Any CPU.ActiveCfg = Release|Any CPU
		{65D31ABA-AB8E-4909-8C1C-65DDCDB60B64}.Release|Any CPU.Build.0 = Release|Any CPU
		{2A39FE6D-AAA2-49E2-A18A-13970482D72B}.Debug|Any CPU.ActiveCfg = Debug|Any CPU
		{2A39FE6D-AAA2-49E2-A18A-13970482D72B}.Debug|Any CPU.Build.0 = Debug|Any CPU
		{2A39FE6D-AAA2-49E2-A18A-13970482D72B}.Release|Any CPU.ActiveCfg = Release|Any CPU
		{2A39FE6D-AAA2-49E2-A18A-13970482D72B}.Release|Any CPU.Build.0 = Release|Any CPU
	EndGlobalSection
	GlobalSection(SolutionProperties) = preSolution
		HideSolutionNode = FALSE
	EndGlobalSection
	GlobalSection(ExtensibilityGlobals) = postSolution
		SolutionGuid = {EC9DE01D-E8C1-4C4A-8A78-99457B389B94}
	EndGlobalSection
EndGlobal
